
Microsoft Visual Studio Solution File, Format Version 12.00
# Visual Studio Version 16
VisualStudioVersion = 16.0.30611.23
MinimumVisualStudioVersion = 10.0.40219.1
Project("{FAE04EC0-301F-11D3-BF4B-00C04F79EFBC}") = "calcu", "calcu\calcu.csproj", "{E6A401F7-CDEF-47F5-9F9F-B54352D92AB7}"
EndProject
Global
	GlobalSection(SolutionConfigurationPlatforms) = preSolution
		Debug|Any CPU = Debug|Any CPU
		Release|Any CPU = Release|Any CPU
	EndGlobalSection
	GlobalSection(ProjectConfigurationPlatforms) = postSolution
		{E6A401F7-CDEF-47F5-9F9F-B54352D92AB7}.Debug|Any CPU.ActiveCfg = Debug|Any CPU
		{E6A401F7-CDEF-47F5-9F9F-B54352D92AB7}.Debug|Any CPU.Build.0 = Debug|Any CPU
		{E6A401F7-CDEF-47F5-9F9F-B54352D92AB7}.Release|Any CPU.ActiveCfg = Release|Any CPU
		{E6A401F7-CDEF-47F5-9F9F-B54352D92AB7}.Release|Any CPU.Build.0 = Release|Any CPU
	EndGlobalSection
	GlobalSection(SolutionProperties) = preSolution
		HideSolutionNode = FALSE
	EndGlobalSection
	GlobalSection(ExtensibilityGlobals) = postSolution
		SolutionGuid = {F3B5A2BB-FAA5-4BCE-A21F-5C1F945B14F6}
	EndGlobalSection
EndGlobal
